
Microsoft Visual Studio Solution File, Format Version 12.00
# Visual Studio Version 17
VisualStudioVersion = 17.6.33801.468
MinimumVisualStudioVersion = 10.0.40219.1
Project("{8BC9CEB8-8B4A-11D0-8D11-00A0C91BC942}") = "Teller", "Teller\Teller.vcxproj", "{11B4E8F3-0A57-43F0-91D2-69736E47BF71}"
EndProject
Project("{8BC9CEB8-8B4A-11D0-8D11-00A0C91BC942}") = "Param", "Param\Param.vcxproj", "{11DA54E6-3A0F-49AB-9C80-109110B06494}"
EndProject
Project("{8BC9CEB8-8B4A-11D0-8D11-00A0C91BC942}") = "Optim", "Optim\Optim.vcxproj", "{057B81FF-DDA9-40E7-999E-F8EF3E8F506F}"
EndProject
Project("{8BC9CEB8-8B4A-11D0-8D11-00A0C91BC942}") = "Prop", "Prop\Prop.vcxproj", "{CEB40121-3737-41FA-8A41-BDF749C3B6DE}"
EndProject
Project("{8BC9CEB8-8B4A-11D0-8D11-00A0C91BC942}") = "Auxiliar", "Auxiliar\Auxiliar.vcxproj", "{9D2FF19B-3184-4033-A849-A9D29A3DF522}"
EndProject
Project("{8BC9CEB8-8B4A-11D0-8D11-00A0C91BC942}") = "NumCalc", "NumCalc\NumCalc.vcxproj", "{CA24AC84-16F4-4F53-921A-377367DF8F79}"
EndProject
Global
	GlobalSection(SolutionConfigurationPlatforms) = preSolution
		Debug|x64 = Debug|x64
		Debug|x86 = Debug|x86
		Release|x64 = Release|x64
		Release|x86 = Release|x86
	EndGlobalSection
	GlobalSection(ProjectConfigurationPlatforms) = postSolution
		{11B4E8F3-0A57-43F0-91D2-69736E47BF71}.Debug|x64.ActiveCfg = Debug|x64
		{11B4E8F3-0A57-43F0-91D2-69736E47BF71}.Debug|x64.Build.0 = Debug|x64
		{11B4E8F3-0A57-43F0-91D2-69736E47BF71}.Debug|x86.ActiveCfg = Debug|Win32
		{11B4E8F3-0A57-43F0-91D2-69736E47BF71}.Debug|x86.Build.0 = Debug|Win32
		{11B4E8F3-0A57-43F0-91D2-69736E47BF71}.Release|x64.ActiveCfg = Release|x64
		{11B4E8F3-0A57-43F0-91D2-69736E47BF71}.Release|x64.Build.0 = Release|x64
		{11B4E8F3-0A57-43F0-91D2-69736E47BF71}.Release|x86.ActiveCfg = Release|Win32
		{11B4E8F3-0A57-43F0-91D2-69736E47BF71}.Release|x86.Build.0 = Release|Win32
		{11DA54E6-3A0F-49AB-9C80-109110B06494}.Debug|x64.ActiveCfg = Debug|x64
		{11DA54E6-3A0F-49AB-9C80-109110B06494}.Debug|x64.Build.0 = Debug|x64
		{11DA54E6-3A0F-49AB-9C80-109110B06494}.Debug|x86.ActiveCfg = Debug|Win32
		{11DA54E6-3A0F-49AB-9C80-109110B06494}.Debug|x86.Build.0 = Debug|Win32
		{11DA54E6-3A0F-49AB-9C80-109110B06494}.Release|x64.ActiveCfg = Release|x64
		{11DA54E6-3A0F-49AB-9C80-109110B06494}.Release|x64.Build.0 = Release|x64
		{11DA54E6-3A0F-49AB-9C80-109110B06494}.Release|x86.ActiveCfg = Release|Win32
		{11DA54E6-3A0F-49AB-9C80-109110B06494}.Release|x86.Build.0 = Release|Win32
		{057B81FF-DDA9-40E7-999E-F8EF3E8F506F}.Debug|x64.ActiveCfg = Debug|x64
		{057B81FF-DDA9-40E7-999E-F8EF3E8F506F}.Debug|x64.Build.0 = Debug|x64
		{057B81FF-DDA9-40E7-999E-F8EF3E8F506F}.Debug|x86.ActiveCfg = Debug|Win32
		{057B81FF-DDA9-40E7-999E-F8EF3E8F506F}.Debug|x86.Build.0 = Debug|Win32
		{057B81FF-DDA9-40E7-999E-F8EF3E8F506F}.Release|x64.ActiveCfg = Release|x64
		{057B81FF-DDA9-40E7-999E-F8EF3E8F506F}.Release|x64.Build.0 = Release|x64
		{057B81FF-DDA9-40E7-999E-F8EF3E8F506F}.Release|x86.ActiveCfg = Release|Win32
		{057B81FF-DDA9-40E7-999E-F8EF3E8F506F}.Release|x86.Build.0 = Release|Win32
		{CEB40121-3737-41FA-8A41-BDF749C3B6DE}.Debug|x64.ActiveCfg = Debug|x64
		{CEB40121-3737-41FA-8A41-BDF749C3B6DE}.Debug|x64.Build.0 = Debug|x64
		{CEB40121-3737-41FA-8A41-BDF749C3B6DE}.Debug|x86.ActiveCfg = Debug|Win32
		{CEB40121-3737-41FA-8A41-BDF749C3B6DE}.Debug|x86.Build.0 = Debug|Win32
		{CEB40121-3737-41FA-8A41-BDF749C3B6DE}.Release|x64.ActiveCfg = Release|x64
		{CEB40121-3737-41FA-8A41-BDF749C3B6DE}.Release|x64.Build.0 = Release|x64
		{CEB40121-3737-41FA-8A41-BDF749C3B6DE}.Release|x86.ActiveCfg = Release|Win32
		{CEB40121-3737-41FA-8A41-BDF749C3B6DE}.Release|x86.Build.0 = Release|Win32
		{9D2FF19B-3184-4033-A849-A9D29A3DF522}.Debug|x64.ActiveCfg = Debug|x64
		{9D2FF19B-3184-4033-A849-A9D29A3DF522}.Debug|x64.Build.0 = Debug|x64
		{9D2FF19B-3184-4033-A849-A9D29A3DF522}.Debug|x86.ActiveCfg = Debug|Win32
		{9D2FF19B-3184-4033-A849-A9D29A3DF522}.Debug|x86.Build.0 = Debug|Win32
		{9D2FF19B-3184-4033-A849-A9D29A3DF522}.Release|x64.ActiveCfg = Release|x64
		{9D2FF19B-3184-4033-A849-A9D29A3DF522}.Release|x64.Build.0 = Release|x64
		{9D2FF19B-3184-4033-A849-A9D29A3DF522}.Release|x86.ActiveCfg = Release|Win32
		{9D2FF19B-3184-4033-A849-A9D29A3DF522}.Release|x86.Build.0 = Release|Win32
		{CA24AC84-16F4-4F53-921A-377367DF8F79}.Debug|x64.ActiveCfg = Debug|x64
		{CA24AC84-16F4-4F53-921A-377367DF8F79}.Debug|x64.Build.0 = Debug|x64
		{CA24AC84-16F4-4F53-921A-377367DF8F79}.Debug|x86.ActiveCfg = Debug|Win32
		{CA24AC84-16F4-4F53-921A-377367DF8F79}.Debug|x86.Build.0 = Debug|Win32
		{CA24AC84-16F4-4F53-921A-377367DF8F79}.Release|x64.ActiveCfg = Release|x64
		{CA24AC84-16F4-4F53-921A-377367DF8F79}.Release|x64.Build.0 = Release|x64
		{CA24AC84-16F4-4F53-921A-377367DF8F79}.Release|x86.ActiveCfg = Release|Win32
		{CA24AC84-16F4-4F53-921A-377367DF8F79}.Release|x86.Build.0 = Release|Win32
	EndGlobalSection
	GlobalSection(SolutionProperties) = preSolution
		HideSolutionNode = FALSE
	EndGlobalSection
	GlobalSection(ExtensibilityGlobals) = postSolution
		SolutionGuid = {EBF37307-0BF5-452F-8957-BAF3F68E7021}
	EndGlobalSection
EndGlobal
